
Microsoft Visual Studio Solution File, Format Version 12.00
# Visual Studio 15
VisualStudioVersion = 15.0.27130.2036
MinimumVisualStudioVersion = 10.0.40219.1
Project("{FAE04EC0-301F-11D3-BF4B-00C04F79EFBC}") = "API", "API\API.csproj", "{06CACB60-A6F0-447A-8CAB-7EE77A74F1FA}"
EndProject
Project("{FAE04EC0-301F-11D3-BF4B-00C04F79EFBC}") = "ConsoleApp1", "ConsoleApp1\ConsoleApp1.csproj", "{203EF492-0CE3-4881-A7A0-818B523C9FA1}"
EndProject
Global
	GlobalSection(SolutionConfigurationPlatforms) = preSolution
		Debug|Any CPU = Debug|Any CPU
		Release|Any CPU = Release|Any CPU
	EndGlobalSection
	GlobalSection(ProjectConfigurationPlatforms) = postSolution
		{06CACB60-A6F0-447A-8CAB-7EE77A74F1FA}.Debug|Any CPU.ActiveCfg = Debug|Any CPU
		{06CACB60-A6F0-447A-8CAB-7EE77A74F1FA}.Debug|Any CPU.Build.0 = Debug|Any CPU
		{06CACB60-A6F0-447A-8CAB-7EE77A74F1FA}.Release|Any CPU.ActiveCfg = Release|Any CPU
		{06CACB60-A6F0-447A-8CAB-7EE77A74F1FA}.Release|Any CPU.Build.0 = Release|Any CPU
		{203EF492-0CE3-4881-A7A0-818B523C9FA1}.Debug|Any CPU.ActiveCfg = Debug|Any CPU
		{203EF492-0CE3-4881-A7A0-818B523C9FA1}.Debug|Any CPU.Build.0 = Debug|Any CPU
		{203EF492-0CE3-4881-A7A0-818B523C9FA1}.Release|Any CPU.ActiveCfg = Release|Any CPU
		{203EF492-0CE3-4881-A7A0-818B523C9FA1}.Release|Any CPU.Build.0 = Release|Any CPU
	EndGlobalSection
	GlobalSection(SolutionProperties) = preSolution
		HideSolutionNode = FALSE
	EndGlobalSection
	GlobalSection(ExtensibilityGlobals) = postSolution
		SolutionGuid = {067B4ACE-C336-4F29-87EE-E58BBF4FF0E2}
	EndGlobalSection
EndGlobal
